
Microsoft Visual Studio Solution File, Format Version 12.00
# Visual Studio Version 17
VisualStudioVersion = 17.14.36414.22
MinimumVisualStudioVersion = 10.0.40219.1
Project("{FAE04EC0-301F-11D3-BF4B-00C04F79EFBC}") = "Gestión Hotelera", "Gestión Hotelera.csproj", "{515F1154-E2F0-40EF-8A3E-FFA27BE6D9C0}"
EndProject
Global
	GlobalSection(SolutionConfigurationPlatforms) = preSolution
		Debug|Any CPU = Debug|Any CPU
		Release|Any CPU = Release|Any CPU
	EndGlobalSection
	GlobalSection(ProjectConfigurationPlatforms) = postSolution
		{515F1154-E2F0-40EF-8A3E-FFA27BE6D9C0}.Debug|Any CPU.ActiveCfg = Debug|Any CPU
		{515F1154-E2F0-40EF-8A3E-FFA27BE6D9C0}.Debug|Any CPU.Build.0 = Debug|Any CPU
		{515F1154-E2F0-40EF-8A3E-FFA27BE6D9C0}.Release|Any CPU.ActiveCfg = Release|Any CPU
		{515F1154-E2F0-40EF-8A3E-FFA27BE6D9C0}.Release|Any CPU.Build.0 = Release|Any CPU
	EndGlobalSection
	GlobalSection(SolutionProperties) = preSolution
		HideSolutionNode = FALSE
	EndGlobalSection
	GlobalSection(ExtensibilityGlobals) = postSolution
		SolutionGuid = {8F8B77D9-5981-41DF-A94E-E456E9ACB7DE}
	EndGlobalSection
EndGlobal
